
Microsoft Visual Studio Solution File, Format Version 12.00
# Visual Studio 15
VisualStudioVersion = 15.0.28307.168
MinimumVisualStudioVersion = 10.0.40219.1
Project("{FAE04EC0-301F-11D3-BF4B-00C04F79EFBC}") = "netcore_v2.1_TestFunctions", "netcore_v2.1_TestFunctions\netcore_v2.1_TestFunctions.csproj", "{8D26622D-9B9C-4713-BE6E-23A0A9A9ACEF}"
EndProject
Project("{FAE04EC0-301F-11D3-BF4B-00C04F79EFBC}") = "netcore_v2.0_TestFunctions", "netcore_v2.0_TestFunctions\netcore_v2.0_TestFunctions.csproj", "{6BE7102C-5325-4E90-ADD2-F70304136F6F}"
EndProject
Global
	GlobalSection(SolutionConfigurationPlatforms) = preSolution
		Debug|Any CPU = Debug|Any CPU
		Release|Any CPU = Release|Any CPU
	EndGlobalSection
	GlobalSection(ProjectConfigurationPlatforms) = postSolution
		{8D26622D-9B9C-4713-BE6E-23A0A9A9ACEF}.Debug|Any CPU.ActiveCfg = Debug|Any CPU
		{8D26622D-9B9C-4713-BE6E-23A0A9A9ACEF}.Debug|Any CPU.Build.0 = Debug|Any CPU
		{8D26622D-9B9C-4713-BE6E-23A0A9A9ACEF}.Release|Any CPU.ActiveCfg = Release|Any CPU
		{8D26622D-9B9C-4713-BE6E-23A0A9A9ACEF}.Release|Any CPU.Build.0 = Release|Any CPU
		{6BE7102C-5325-4E90-ADD2-F70304136F6F}.Debug|Any CPU.ActiveCfg = Debug|Any CPU
		{6BE7102C-5325-4E90-ADD2-F70304136F6F}.Debug|Any CPU.Build.0 = Debug|Any CPU
		{6BE7102C-5325-4E90-ADD2-F70304136F6F}.Release|Any CPU.ActiveCfg = Release|Any CPU
		{6BE7102C-5325-4E90-ADD2-F70304136F6F}.Release|Any CPU.Build.0 = Release|Any CPU
	EndGlobalSection
	GlobalSection(SolutionProperties) = preSolution
		HideSolutionNode = FALSE
	EndGlobalSection
	GlobalSection(ExtensibilityGlobals) = postSolution
		SolutionGuid = {FAA0A144-FAB6-482E-89DE-917484316DF2}
	EndGlobalSection
EndGlobal
